# THIS IS AN AUTOGENERATED FILE. DO NOT EDIT THIS FILE DIRECTLY.
# yarn lockfile v1


pegjs@^0.10.0:
  version "0.10.0"
  resolved "https://registry.yarnpkg.com/pegjs/-/pegjs-0.10.0.tgz#cf8bafae6eddff4b5a7efb185269eaaf4610ddbd"
  integrity sha1-z4uvrm7d/0tafvsYUmnqr0YQ3b0=

phpegjs@^1.0.0-beta7:
  version "1.0.0-beta7"
  resolved "https://registry.yarnpkg.com/phpegjs/-/phpegjs-1.0.0-beta7.tgz#b8b6ed85019807ffd0efe203e002a3e5ed8b4d94"
  integrity sha1-uLbthQGYB//Q7+ID4AKj5e2LTZQ=
